
Microsoft Visual Studio Solution File, Format Version 12.00
# Visual Studio Version 16
VisualStudioVersion = 16.0.31702.278
MinimumVisualStudioVersion = 10.0.40219.1
Project("{FAE04EC0-301F-11D3-BF4B-00C04F79EFBC}") = "ExamProject", "ExamProject\ExamProject.csproj", "{19FCC775-C42D-4712-8186-92DDFAE67532}"
EndProject
Project("{FAE04EC0-301F-11D3-BF4B-00C04F79EFBC}") = "Core", "Core\Core.csproj", "{F6320582-1E78-407E-B52A-72C3E43C908C}"
EndProject
Project("{FAE04EC0-301F-11D3-BF4B-00C04F79EFBC}") = "Data", "Data\Data.csproj", "{80766BB7-0D17-488F-BEEC-199B78004A78}"
EndProject
Global
	GlobalSection(SolutionConfigurationPlatforms) = preSolution
		Debug|Any CPU = Debug|Any CPU
		Release|Any CPU = Release|Any CPU
	EndGlobalSection
	GlobalSection(ProjectConfigurationPlatforms) = postSolution
		{19FCC775-C42D-4712-8186-92DDFAE67532}.Debug|Any CPU.ActiveCfg = Debug|Any CPU
		{19FCC775-C42D-4712-8186-92DDFAE67532}.Debug|Any CPU.Build.0 = Debug|Any CPU
		{19FCC775-C42D-4712-8186-92DDFAE67532}.Release|Any CPU.ActiveCfg = Release|Any CPU
		{19FCC775-C42D-4712-8186-92DDFAE67532}.Release|Any CPU.Build.0 = Release|Any CPU
		{F6320582-1E78-407E-B52A-72C3E43C908C}.Debug|Any CPU.ActiveCfg = Debug|Any CPU
		{F6320582-1E78-407E-B52A-72C3E43C908C}.Debug|Any CPU.Build.0 = Debug|Any CPU
		{F6320582-1E78-407E-B52A-72C3E43C908C}.Release|Any CPU.ActiveCfg = Release|Any CPU
		{F6320582-1E78-407E-B52A-72C3E43C908C}.Release|Any CPU.Build.0 = Release|Any CPU
		{80766BB7-0D17-488F-BEEC-199B78004A78}.Debug|Any CPU.ActiveCfg = Debug|Any CPU
		{80766BB7-0D17-488F-BEEC-199B78004A78}.Debug|Any CPU.Build.0 = Debug|Any CPU
		{80766BB7-0D17-488F-BEEC-199B78004A78}.Release|Any CPU.ActiveCfg = Release|Any CPU
		{80766BB7-0D17-488F-BEEC-199B78004A78}.Release|Any CPU.Build.0 = Release|Any CPU
	EndGlobalSection
	GlobalSection(SolutionProperties) = preSolution
		HideSolutionNode = FALSE
	EndGlobalSection
	GlobalSection(ExtensibilityGlobals) = postSolution
		SolutionGuid = {3B3914E9-D5D9-4612-8043-7108A0EC19A3}
	EndGlobalSection
EndGlobal
